
Microsoft Visual Studio Solution File, Format Version 12.00
# Visual Studio Version 17
VisualStudioVersion = 17.10.34928.147
MinimumVisualStudioVersion = 10.0.40219.1
Project("{FAE04EC0-301F-11D3-BF4B-00C04F79EFBC}") = "ED Exobio", "ED Exobio.csproj", "{A2393F37-3D2C-48EC-8E1C-CDD81F78B70F}"
EndProject
Global
	GlobalSection(SolutionConfigurationPlatforms) = preSolution
		Debug|Any CPU = Debug|Any CPU
		Release|Any CPU = Release|Any CPU
	EndGlobalSection
	GlobalSection(ProjectConfigurationPlatforms) = postSolution
		{A2393F37-3D2C-48EC-8E1C-CDD81F78B70F}.Debug|Any CPU.ActiveCfg = Debug|Any CPU
		{A2393F37-3D2C-48EC-8E1C-CDD81F78B70F}.Debug|Any CPU.Build.0 = Debug|Any CPU
		{A2393F37-3D2C-48EC-8E1C-CDD81F78B70F}.Release|Any CPU.ActiveCfg = Release|Any CPU
		{A2393F37-3D2C-48EC-8E1C-CDD81F78B70F}.Release|Any CPU.Build.0 = Release|Any CPU
	EndGlobalSection
	GlobalSection(SolutionProperties) = preSolution
		HideSolutionNode = FALSE
	EndGlobalSection
	GlobalSection(ExtensibilityGlobals) = postSolution
		SolutionGuid = {8E13A830-E708-4315-9086-66C5C876064A}
	EndGlobalSection
EndGlobal
